
Microsoft Visual Studio Solution File, Format Version 12.00
# Visual Studio Version 17
VisualStudioVersion = 17.11.35219.272
MinimumVisualStudioVersion = 10.0.40219.1
Project("{FAE04EC0-301F-11D3-BF4B-00C04F79EFBC}") = "Call_of_Duty-Simulator", "Call_of_Duty-Simulator\Call_of_Duty-Simulator.csproj", "{79618C34-8383-4ECE-897D-7EC51248CC07}"
EndProject
Global
	GlobalSection(SolutionConfigurationPlatforms) = preSolution
		Debug|Any CPU = Debug|Any CPU
		Release|Any CPU = Release|Any CPU
	EndGlobalSection
	GlobalSection(ProjectConfigurationPlatforms) = postSolution
		{79618C34-8383-4ECE-897D-7EC51248CC07}.Debug|Any CPU.ActiveCfg = Debug|Any CPU
		{79618C34-8383-4ECE-897D-7EC51248CC07}.Debug|Any CPU.Build.0 = Debug|Any CPU
		{79618C34-8383-4ECE-897D-7EC51248CC07}.Release|Any CPU.ActiveCfg = Release|Any CPU
		{79618C34-8383-4ECE-897D-7EC51248CC07}.Release|Any CPU.Build.0 = Release|Any CPU
	EndGlobalSection
	GlobalSection(SolutionProperties) = preSolution
		HideSolutionNode = FALSE
	EndGlobalSection
	GlobalSection(ExtensibilityGlobals) = postSolution
		SolutionGuid = {2470EC9A-71AA-4904-906D-61AA9EA56FC8}
	EndGlobalSection
EndGlobal
